
Microsoft Visual Studio Solution File, Format Version 12.00
# Visual Studio 2012
Project("{FAE04EC0-301F-11D3-BF4B-00C04F79EFBC}") = "delegate_evaluation", "delegate_evaluation\delegate_evaluation.csproj", "{C36371F2-01DD-4E68-90B7-F0548D28B22A}"
EndProject
Global
	GlobalSection(SolutionConfigurationPlatforms) = preSolution
		Debug|x86 = Debug|x86
		Release|x86 = Release|x86
	EndGlobalSection
	GlobalSection(ProjectConfigurationPlatforms) = postSolution
		{C36371F2-01DD-4E68-90B7-F0548D28B22A}.Debug|x86.ActiveCfg = Debug|x86
		{C36371F2-01DD-4E68-90B7-F0548D28B22A}.Debug|x86.Build.0 = Debug|x86
		{C36371F2-01DD-4E68-90B7-F0548D28B22A}.Release|x86.ActiveCfg = Release|x86
		{C36371F2-01DD-4E68-90B7-F0548D28B22A}.Release|x86.Build.0 = Release|x86
	EndGlobalSection
EndGlobal
