
Microsoft Visual Studio Solution File, Format Version 12.00
# Visual Studio 15
VisualStudioVersion = 15.0.27703.2042
MinimumVisualStudioVersion = 10.0.40219.1
Project("{FAE04EC0-301F-11D3-BF4B-00C04F79EFBC}") = "Save the Humans", "Save the Humans\Save the Humans.csproj", "{44705788-826A-420D-9A19-B1FD29052175}"
EndProject
Global
	GlobalSection(SolutionConfigurationPlatforms) = preSolution
		Debug|Any CPU = Debug|Any CPU
		Release|Any CPU = Release|Any CPU
	EndGlobalSection
	GlobalSection(ProjectConfigurationPlatforms) = postSolution
		{44705788-826A-420D-9A19-B1FD29052175}.Debug|Any CPU.ActiveCfg = Debug|Any CPU
		{44705788-826A-420D-9A19-B1FD29052175}.Debug|Any CPU.Build.0 = Debug|Any CPU
		{44705788-826A-420D-9A19-B1FD29052175}.Release|Any CPU.ActiveCfg = Release|Any CPU
		{44705788-826A-420D-9A19-B1FD29052175}.Release|Any CPU.Build.0 = Release|Any CPU
	EndGlobalSection
	GlobalSection(SolutionProperties) = preSolution
		HideSolutionNode = FALSE
	EndGlobalSection
	GlobalSection(ExtensibilityGlobals) = postSolution
		SolutionGuid = {290CBB41-EDE2-498E-8001-35357514C308}
	EndGlobalSection
EndGlobal
